
Microsoft Visual Studio Solution File, Format Version 11.00
# Visual Studio 2010
Project("{FAE04EC0-301F-11D3-BF4B-00C04F79EFBC}") = "LabelsOnFloor", "LabelsOnFloor\LabelsOnFloor.csproj", "{DA350B35-40AE-430C-88EB-8E051B1E8FDF}"
EndProject
Global
	GlobalSection(SolutionConfigurationPlatforms) = preSolution
		Debug|Any CPU = Debug|Any CPU
		Release|Any CPU = Release|Any CPU
	EndGlobalSection
	GlobalSection(ProjectConfigurationPlatforms) = postSolution
		{DA350B35-40AE-430C-88EB-8E051B1E8FDF}.Debug|Any CPU.ActiveCfg = Debug|Any CPU
		{DA350B35-40AE-430C-88EB-8E051B1E8FDF}.Debug|Any CPU.Build.0 = Debug|Any CPU
		{DA350B35-40AE-430C-88EB-8E051B1E8FDF}.Release|Any CPU.ActiveCfg = Release|Any CPU
		{DA350B35-40AE-430C-88EB-8E051B1E8FDF}.Release|Any CPU.Build.0 = Release|Any CPU
	EndGlobalSection
	GlobalSection(SolutionProperties) = preSolution
		HideSolutionNode = FALSE
	EndGlobalSection
EndGlobal
